{
  "name": "vite",
  "version": "0.0.0",
  "lockfileVersion": 1,
  "requires": true,
  "dependencies": {
    "@antfu/utils": {
      "version": "0.4.0",
      "resolved": "http://10.2.62.21:8081/repository/npm_all/@antfu/utils/-/utils-0.4.0.tgz",
      "integrity": "sha512-gqkpvjkgFUu+s3kP+Ly33OKpo5zvVY3FDFhv5BIb98SncS3KD6DNxPfNDjwHIoyXbz1leWo1j8DtRLZ1D2Jv+Q==",
      "dev": true,
      "requires": {
        "@types/throttle-debounce": "^2.1.0"
      }
    },
    "@babel/parser": {
      "version": "7.16.12",
      "resolved": "http://10.2.62.21:8081/repository/npm_all/@babel/parser/-/parser-7.16.12.tgz",
      "integrity": "sha512-VfaV15po8RiZssrkPweyvbGVSe4x2y+aciFCgn0n0/SJMR22cwofRV1mtnJQYcSB1wUTaA/X1LnA3es66MCO5A=="
    },
    "@ctrl/tinycolor": {
      "version": "3.4.0",
      "resolved": "http://10.2.62.21:8081/repository/npm_all/@ctrl/tinycolor/-/tinycolor-3.4.0.tgz",
      "integrity": "sha1-w8WuVDyJfKqcKmhjC+01W+X5mQ8="
    },
    "@element-plus/icons-vue": {
      "version": "0.2.6",
      "resolved": "http://10.2.62.21:8081/repository/npm_all/@element-plus/icons-vue/-/icons-vue-0.2.6.tgz",
      "integrity": "sha512-2gg7VCq4d2firgl7/aVym4Cx/wqKFwKybEQGJiiWJN4urW36+QdAEG1knqSD9qidbjhVp0Jnc9XdSTR1/4Whzw=="
    },
    "@nodelib/fs.scandir": {
      "version": "2.1.5",
      "resolved": "http://10.2.62.21:8081/repository/npm_all/@nodelib/fs.scandir/-/fs.scandir-2.1.5.tgz",
      "integrity": "sha1-dhnC6yGyVIP20WdUi0z9WnSIw9U=",
      "dev": true,
      "requires": {
        "@nodelib/fs.stat": "2.0.5",
        "run-parallel": "^1.1.9"
      }
    },
    "@nodelib/fs.stat": {
      "version": "2.0.5",
      "resolved": "http://10.2.62.21:8081/repository/npm_all/@nodelib/fs.stat/-/fs.stat-2.0.5.tgz",
      "integrity": "sha1-W9Jir5Tp0lvR5xsF3u1Eh2oiLos=",
      "dev": true
    },
    "@nodelib/fs.walk": {
      "version": "1.2.8",
      "resolved": "http://10.2.62.21:8081/repository/npm_all/@nodelib/fs.walk/-/fs.walk-1.2.8.tgz",
      "integrity": "sha1-6Vc36LtnRt3t9pxVaVNJTxlv5po=",
      "dev": true,
      "requires": {
        "@nodelib/fs.scandir": "2.1.5",
        "fastq": "^1.6.0"
      }
    },
    "@popperjs/core": {
      "version": "2.11.2",
      "resolved": "http://10.2.62.21:8081/repository/npm_all/@popperjs/core/-/core-2.11.2.tgz",
      "integrity": "sha512-92FRmppjjqz29VMJ2dn+xdyXZBrMlE42AV6Kq6BwjWV7CNUW1hs2FtxSNLQE+gJhaZ6AAmYuO9y8dshhcBl7vA=="
    },
    "@rollup/pluginutils": {
      "version": "4.1.2",
      "resolved": "http://10.2.62.21:8081/repository/npm_all/@rollup/pluginutils/-/pluginutils-4.1.2.tgz",
      "integrity": "sha512-ROn4qvkxP9SyPeHaf7uQC/GPFY6L/OWy9+bd9AwcjOAWQwxRscoEyAUD8qCY5o5iL4jqQwoLk2kaTKJPb/HwzQ==",
      "dev": true,
      "requires": {
        "estree-walker": "^2.0.1",
        "picomatch": "^2.2.2"
      }
    },
    "@types/throttle-debounce": {
      "version": "2.1.0",
      "resolved": "http://10.2.62.21:8081/repository/npm_all/@types/throttle-debounce/-/throttle-debounce-2.1.0.tgz",
      "integrity": "sha1-HD32JL/Eti+ZLTASuExW1B6rN3Y=",
      "dev": true
    },
    "@vitejs/plugin-vue": {
      "version": "2.1.0",
      "resolved": "http://10.2.62.21:8081/repository/npm_all/@vitejs/plugin-vue/-/plugin-vue-2.1.0.tgz",
      "integrity": "sha512-AZ78WxvFMYd8JmM/GBV6a6SGGTU0GgN/0/4T+FnMMsLzFEzTeAUwuraapy50ifHZsC+G5SvWs86bvaCPTneFlA==",
      "dev": true
    },
    "@vue/compiler-core": {
      "version": "3.2.29",
      "resolved": "http://10.2.62.21:8081/repository/npm_all/@vue/compiler-core/-/compiler-core-3.2.29.tgz",
      "integrity": "sha512-RePZ/J4Ub3sb7atQw6V6Rez+/5LCRHGFlSetT3N4VMrejqJnNPXKUt5AVm/9F5MJriy2w/VudEIvgscCfCWqxw==",
      "requires": {
        "@babel/parser": "^7.16.4",
        "@vue/shared": "3.2.29",
        "estree-walker": "^2.0.2",
        "source-map": "^0.6.1"
      }
    },
    "@vue/compiler-dom": {
      "version": "3.2.29",
      "resolved": "http://10.2.62.21:8081/repository/npm_all/@vue/compiler-dom/-/compiler-dom-3.2.29.tgz",
      "integrity": "sha512-y26vK5khdNS9L3ckvkqJk/78qXwWb75Ci8iYLb67AkJuIgyKhIOcR1E8RIt4mswlVCIeI9gQ+fmtdhaiTAtrBQ==",
      "requires": {
        "@vue/compiler-core": "3.2.29",
        "@vue/shared": "3.2.29"
      }
    },
    "@vue/compiler-sfc": {
      "version": "3.2.29",
      "resolved": "http://10.2.62.21:8081/repository/npm_all/@vue/compiler-sfc/-/compiler-sfc-3.2.29.tgz",
      "integrity": "sha512-X9+0dwsag2u6hSOP/XsMYqFti/edvYvxamgBgCcbSYuXx1xLZN+dS/GvQKM4AgGS4djqo0jQvWfIXdfZ2ET68g==",
      "requires": {
        "@babel/parser": "^7.16.4",
        "@vue/compiler-core": "3.2.29",
        "@vue/compiler-dom": "3.2.29",
        "@vue/compiler-ssr": "3.2.29",
        "@vue/reactivity-transform": "3.2.29",
        "@vue/shared": "3.2.29",
        "estree-walker": "^2.0.2",
        "magic-string": "^0.25.7",
        "postcss": "^8.1.10",
        "source-map": "^0.6.1"
      }
    },
    "@vue/compiler-ssr": {
      "version": "3.2.29",
      "resolved": "http://10.2.62.21:8081/repository/npm_all/@vue/compiler-ssr/-/compiler-ssr-3.2.29.tgz",
      "integrity": "sha512-LrvQwXlx66uWsB9/VydaaqEpae9xtmlUkeSKF6aPDbzx8M1h7ukxaPjNCAXuFd3fUHblcri8k42lfimHfzMICA==",
      "requires": {
        "@vue/compiler-dom": "3.2.29",
        "@vue/shared": "3.2.29"
      }
    },
    "@vue/reactivity": {
      "version": "3.2.29",
      "resolved": "http://10.2.62.21:8081/repository/npm_all/@vue/reactivity/-/reactivity-3.2.29.tgz",
      "integrity": "sha512-Ryhb6Gy62YolKXH1gv42pEqwx7zs3n8gacRVZICSgjQz8Qr8QeCcFygBKYfJm3o1SccR7U+bVBQDWZGOyG1k4g==",
      "requires": {
        "@vue/shared": "3.2.29"
      }
    },
    "@vue/reactivity-transform": {
      "version": "3.2.29",
      "resolved": "http://10.2.62.21:8081/repository/npm_all/@vue/reactivity-transform/-/reactivity-transform-3.2.29.tgz",
      "integrity": "sha512-YF6HdOuhdOw6KyRm59+3rML8USb9o8mYM1q+SH0G41K3/q/G7uhPnHGKvspzceD7h9J3VR1waOQ93CUZj7J7OA==",
      "requires": {
        "@babel/parser": "^7.16.4",
        "@vue/compiler-core": "3.2.29",
        "@vue/shared": "3.2.29",
        "estree-walker": "^2.0.2",
        "magic-string": "^0.25.7"
      }
    },
    "@vue/runtime-core": {
      "version": "3.2.29",
      "resolved": "http://10.2.62.21:8081/repository/npm_all/@vue/runtime-core/-/runtime-core-3.2.29.tgz",
      "integrity": "sha512-VMvQuLdzoTGmCwIKTKVwKmIL0qcODIqe74JtK1pVr5lnaE0l25hopodmPag3RcnIcIXe+Ye3B2olRCn7fTCgig==",
      "requires": {
        "@vue/reactivity": "3.2.29",
        "@vue/shared": "3.2.29"
      }
    },
    "@vue/runtime-dom": {
      "version": "3.2.29",
      "resolved": "http://10.2.62.21:8081/repository/npm_all/@vue/runtime-dom/-/runtime-dom-3.2.29.tgz",
      "integrity": "sha512-YJgLQLwr+SQyORzTsBQLL5TT/5UiV83tEotqjL7F9aFDIQdFBTCwpkCFvX9jqwHoyi9sJqM9XtTrMcc8z/OjPA==",
      "requires": {
        "@vue/runtime-core": "3.2.29",
        "@vue/shared": "3.2.29",
        "csstype": "^2.6.8"
      }
    },
    "@vue/server-renderer": {
      "version": "3.2.29",
      "resolved": "http://10.2.62.21:8081/repository/npm_all/@vue/server-renderer/-/server-renderer-3.2.29.tgz",
      "integrity": "sha512-lpiYx7ciV7rWfJ0tPkoSOlLmwqBZ9FTmQm33S+T4g0j1fO/LmhJ9b9Ctl1o5xvIFVDk9QkSUWANZn7H2pXuxVw==",
      "requires": {
        "@vue/compiler-ssr": "3.2.29",
        "@vue/shared": "3.2.29"
      }
    },
    "@vue/shared": {
      "version": "3.2.29",
      "resolved": "http://10.2.62.21:8081/repository/npm_all/@vue/shared/-/shared-3.2.29.tgz",
      "integrity": "sha512-BjNpU8OK6Z0LVzGUppEk0CMYm/hKDnZfYdjSmPOs0N+TR1cLKJAkDwW8ASZUvaaSLEi6d3hVM7jnWnX+6yWnHw=="
    },
    "@vueuse/core": {
      "version": "7.5.4",
      "resolved": "http://10.2.62.21:8081/repository/npm_all/@vueuse/core/-/core-7.5.4.tgz",
      "integrity": "sha512-PKmyHN2lZuttGgKmsoMMqiSojSYYKraszilP0gpQIGcLt2YoLABaG3VFjdPs2tY6DM+HG3o70HuzOMEQCY8fqQ==",
      "requires": {
        "@vueuse/shared": "7.5.4",
        "vue-demi": "*"
      }
    },
    "@vueuse/shared": {
      "version": "7.5.4",
      "resolved": "http://10.2.62.21:8081/repository/npm_all/@vueuse/shared/-/shared-7.5.4.tgz",
      "integrity": "sha512-750RnGUEgg1+K4jGVkv7M5UOStAa/IjAInV6BugyBOvRYL2l1lcIDUi4V/qIKTlhd2oUAByCEnlqIpFD2a3tfw==",
      "requires": {
        "vue-demi": "*"
      }
    },
    "anymatch": {
      "version": "3.1.2",
      "resolved": "http://npm.corp.rs.com/anymatch/-/anymatch-3.1.2.tgz",
      "integrity": "sha1-wFV8CWrzLxBhmPT04qODU343hxY=",
      "requires": {
        "normalize-path": "^3.0.0",
        "picomatch": "^2.0.4"
      }
    },
    "async-validator": {
      "version": "4.0.7",
      "resolved": "http://npm.corp.rs.com/async-validator/-/async-validator-4.0.7.tgz",
      "integrity": "sha512-Pj2IR7u8hmUEDOwB++su6baaRi+QvsgajuFB9j95foM1N2gy5HM4z60hfusIO0fBPG5uLAEl6yCJr1jNSVugEQ=="
    },
    "balanced-match": {
      "version": "1.0.2",
      "resolved": "http://npm.corp.rs.com/balanced-match/-/balanced-match-1.0.2.tgz",
      "integrity": "sha1-6D46fj8wCzTLnYf2FfoMvzV2kO4=",
      "dev": true
    },
    "binary-extensions": {
      "version": "2.2.0",
      "resolved": "http://npm.corp.rs.com/binary-extensions/-/binary-extensions-2.2.0.tgz",
      "integrity": "sha512-jDctJ/IVQbZoJykoeHbhXpOlNBqGNcwXJKJog42E5HDPUwQTSdjCHdihjj0DlnheQ7blbT6dHOafNAiS8ooQKA=="
    },
    "brace-expansion": {
      "version": "1.1.11",
      "resolved": "http://npm.corp.rs.com/brace-expansion/-/brace-expansion-1.1.11.tgz",
      "integrity": "sha1-PH/L9SnYcibz0vUrlm/1Jx60Qd0=",
      "dev": true,
      "requires": {
        "balanced-match": "^1.0.0",
        "concat-map": "0.0.1"
      }
    },
    "braces": {
      "version": "3.0.2",
      "resolved": "http://npm.corp.rs.com/braces/-/braces-3.0.2.tgz",
      "integrity": "sha512-b8um+L1RzM3WDSzvhm6gIz1yfTbBt6YTlcEKAvsmqCZZFw46z626lVj9j1yEPW33H5H+lBQpZMP1k8l+78Ha0A==",
      "requires": {
        "fill-range": "^7.0.1"
      }
    },
    "chokidar": {
      "version": "3.5.3",
      "resolved": "http://npm.corp.rs.com/chokidar/-/chokidar-3.5.3.tgz",
      "integrity": "sha512-Dr3sfKRP6oTcjf2JmUmFJfeVMvXBdegxB0iVQ5eb2V10uFJUCAS8OByZdVAyVb8xXNz3GjjTgj9kLWsZTqE6kw==",
      "requires": {
        "anymatch": "~3.1.2",
        "braces": "~3.0.2",
        "fsevents": "~2.3.2",
        "glob-parent": "~5.1.2",
        "is-binary-path": "~2.1.0",
        "is-glob": "~4.0.1",
        "normalize-path": "~3.0.0",
        "readdirp": "~3.6.0"
      }
    },
    "concat-map": {
      "version": "0.0.1",
      "resolved": "http://npm.corp.rs.com/concat-map/-/concat-map-0.0.1.tgz",
      "integrity": "sha1-2Klr13/Wjfd5OnMDajug1UBdR3s=",
      "dev": true
    },
    "copy-anything": {
      "version": "2.0.6",
      "resolved": "http://npm.corp.rs.com/copy-anything/-/copy-anything-2.0.6.tgz",
      "integrity": "sha512-1j20GZTsvKNkc4BY3NpMOM8tt///wY3FpIzozTOFO2ffuZcV61nojHXVKIy3WM+7ADCy5FVhdZYHYDdgTU0yJw==",
      "requires": {
        "is-what": "^3.14.1"
      }
    },
    "csstype": {
      "version": "2.6.19",
      "resolved": "http://npm.corp.rs.com/csstype/-/csstype-2.6.19.tgz",
      "integrity": "sha1-/utarokCC7OJ4fY2aaXtSQ45HKo="
    },
    "dayjs": {
      "version": "1.10.7",
      "resolved": "http://npm.corp.rs.com/dayjs/-/dayjs-1.10.7.tgz",
      "integrity": "sha512-P6twpd70BcPK34K26uJ1KT3wlhpuOAPoMwJzpsIWUxHZ7wpmbdZL/hQqBDfz7hGurYSa5PhzdhDHtt319hL3ig=="
    },
    "debug": {
      "version": "4.3.3",
      "resolved": "http://npm.corp.rs.com/debug/-/debug-4.3.3.tgz",
      "integrity": "sha512-/zxw5+vh1Tfv+4Qn7a5nsbcJKPaSvCDhojn6FEl9vupwK2VCSDtEiEtqr8DFtzYFOdz63LBkxec7DYuc2jon6Q==",
      "dev": true,
      "requires": {
        "ms": "2.1.2"
      }
    },
    "element-plus": {
      "version": "1.3.0-beta.8",
      "resolved": "http://npm.corp.rs.com/element-plus/-/element-plus-1.3.0-beta.8.tgz",
      "integrity": "sha512-PRYzCKKqHoQ5IWpNj0hxPyjjRhaKlQvN0WNPeVrIe4OK7SxsV2Q8lfwIwn0GDYg8uYANTytxkg0Bky8Y+SALOQ==",
      "requires": {
        "@ctrl/tinycolor": "^3.4.0",
        "@element-plus/icons-vue": "^0.2.6",
        "@popperjs/core": "^2.11.2",
        "@vueuse/core": "^7.5.4",
        "async-validator": "^4.0.7",
        "dayjs": "^1.10.7",
        "lodash": "^4.17.21",
        "memoize-one": "^6.0.0",
        "normalize-wheel-es": "^1.1.1"
      }
    },
    "errno": {
      "version": "0.1.8",
      "resolved": "http://npm.corp.rs.com/errno/-/errno-0.1.8.tgz",
      "integrity": "sha512-dJ6oBr5SQ1VSd9qkk7ByRgb/1SH4JZjCHSW/mr63/QcXO9zLVxvJ6Oy13nio03rxpSnVDDjFor75SjVeZWPW/A==",
      "optional": true,
      "requires": {
        "prr": "~1.0.1"
      }
    },
    "esbuild": {
      "version": "0.13.15",
      "resolved": "http://npm.corp.rs.com/esbuild/-/esbuild-0.13.15.tgz",
      "integrity": "sha1-21aogWbuNz+H27LYeY/0SeBFDN8=",
      "dev": true,
      "requires": {
        "esbuild-android-arm64": "0.13.15",
        "esbuild-darwin-64": "0.13.15",
        "esbuild-darwin-arm64": "0.13.15",
        "esbuild-freebsd-64": "0.13.15",
        "esbuild-freebsd-arm64": "0.13.15",
        "esbuild-linux-32": "0.13.15",
        "esbuild-linux-64": "0.13.15",
        "esbuild-linux-arm": "0.13.15",
        "esbuild-linux-arm64": "0.13.15",
        "esbuild-linux-mips64le": "0.13.15",
        "esbuild-linux-ppc64le": "0.13.15",
        "esbuild-netbsd-64": "0.13.15",
        "esbuild-openbsd-64": "0.13.15",
        "esbuild-sunos-64": "0.13.15",
        "esbuild-windows-32": "0.13.15",
        "esbuild-windows-64": "0.13.15",
        "esbuild-windows-arm64": "0.13.15"
      }
    },
    "esbuild-android-arm64": {
      "version": "0.13.15",
      "resolved": "http://npm.corp.rs.com/esbuild-android-arm64/-/esbuild-android-arm64-0.13.15.tgz",
      "integrity": "sha1-P8P/C6t2/jXdI3R2tdKzK7IKPUQ=",
      "dev": true,
      "optional": true
    },
    "esbuild-darwin-64": {
      "version": "0.13.15",
      "resolved": "http://npm.corp.rs.com/esbuild-darwin-64/-/esbuild-darwin-64-0.13.15.tgz",
      "integrity": "sha1-jpFpwWuvRE6s7GDQmyTRGyVajnI=",
      "dev": true,
      "optional": true
    },
    "esbuild-darwin-arm64": {
      "version": "0.13.15",
      "resolved": "http://npm.corp.rs.com/esbuild-darwin-arm64/-/esbuild-darwin-arm64-0.13.15.tgz",
      "integrity": "sha1-Gwf4k7YyEU+AXhiN38pBsrd4Ipo=",
      "dev": true,
      "optional": true
    },
    "esbuild-freebsd-64": {
      "version": "0.13.15",
      "resolved": "http://npm.corp.rs.com/esbuild-freebsd-64/-/esbuild-freebsd-64-0.13.15.tgz",
      "integrity": "sha1-C4t+yhaQyOyUx1aAw4wHJpwfSoU=",
      "dev": true,
      "optional": true
    },
    "esbuild-freebsd-arm64": {
      "version": "0.13.15",
      "resolved": "http://npm.corp.rs.com/esbuild-freebsd-arm64/-/esbuild-freebsd-arm64-0.13.15.tgz",
      "integrity": "sha1-LhpsaWv9zSCplXi3Y1C0HbGTTlI=",
      "dev": true,
      "optional": true
    },
    "esbuild-linux-32": {
      "version": "0.13.15",
      "resolved": "http://npm.corp.rs.com/esbuild-linux-32/-/esbuild-linux-32-0.13.15.tgz",
      "integrity": "sha1-b9OfNvxm3UW2tfUVcox7vrw0Kmk=",
      "dev": true,
      "optional": true
    },
    "esbuild-linux-64": {
      "version": "0.13.15",
      "resolved": "http://npm.corp.rs.com/esbuild-linux-64/-/esbuild-linux-64-0.13.15.tgz",
      "integrity": "sha1-nLjkvNdXTmeUbk7l8fHhI4a7bdM=",
      "dev": true,
      "optional": true
    },
    "esbuild-linux-arm": {
      "version": "0.13.15",
      "resolved": "http://npm.corp.rs.com/esbuild-linux-arm/-/esbuild-linux-arm-0.13.15.tgz",
      "integrity": "sha1-igDpnmoMbJprfzNIQTZNiitK7P4=",
      "dev": true,
      "optional": true
    },
    "esbuild-linux-arm64": {
      "version": "0.13.15",
      "resolved": "http://npm.corp.rs.com/esbuild-linux-arm64/-/esbuild-linux-arm64-0.13.15.tgz",
      "integrity": "sha1-OJGqNwTsV5obktKlhhIuW2or+6E=",
      "dev": true,
      "optional": true
    },
    "esbuild-linux-mips64le": {
      "version": "0.13.15",
      "resolved": "http://npm.corp.rs.com/esbuild-linux-mips64le/-/esbuild-linux-mips64le-0.13.15.tgz",
      "integrity": "sha1-NrB8xHw9IeSNs7sfTZ749Grq1Pc=",
      "dev": true,
      "optional": true
    },
    "esbuild-linux-ppc64le": {
      "version": "0.13.15",
      "resolved": "http://npm.corp.rs.com/esbuild-linux-ppc64le/-/esbuild-linux-ppc64le-0.13.15.tgz",
      "integrity": "sha1-9+a7pAuaEeudyuWwFVDqBGcO2tI=",
      "dev": true,
      "optional": true
    },
    "esbuild-netbsd-64": {
      "version": "0.13.15",
      "resolved": "http://npm.corp.rs.com/esbuild-netbsd-64/-/esbuild-netbsd-64-0.13.15.tgz",
      "integrity": "sha1-ov7cVJwrYp1YCnMthAcSsI1EADg=",
      "dev": true,
      "optional": true
    },
    "esbuild-openbsd-64": {
      "version": "0.13.15",
      "resolved": "http://npm.corp.rs.com/esbuild-openbsd-64/-/esbuild-openbsd-64-0.13.15.tgz",
      "integrity": "sha1-siwOWAbTofvwMlhyA3+IUwawXNc=",
      "dev": true,
      "optional": true
    },
    "esbuild-sunos-64": {
      "version": "0.13.15",
      "resolved": "http://npm.corp.rs.com/esbuild-sunos-64/-/esbuild-sunos-64-0.13.15.tgz",
      "integrity": "sha1-0LZFSog3XujTlk2u/1XIXJHHzvQ=",
      "dev": true,
      "optional": true
    },
    "esbuild-windows-32": {
      "version": "0.13.15",
      "resolved": "http://npm.corp.rs.com/esbuild-windows-32/-/esbuild-windows-32-0.13.15.tgz",
      "integrity": "sha1-yW0Lm7tS8zAzIlgu+OSEfFrTdac=",
      "dev": true,
      "optional": true
    },
    "esbuild-windows-64": {
      "version": "0.13.15",
      "resolved": "http://npm.corp.rs.com/esbuild-windows-64/-/esbuild-windows-64-0.13.15.tgz",
      "integrity": "sha1-H3nLmx4bsC+yXNQUy5DU6iiSwpQ=",
      "dev": true,
      "optional": true
    },
    "esbuild-windows-arm64": {
      "version": "0.13.15",
      "resolved": "http://npm.corp.rs.com/esbuild-windows-arm64/-/esbuild-windows-arm64-0.13.15.tgz",
      "integrity": "sha1-SCFzBwgQ3yKnUsaGUJw3DDvjs8M=",
      "dev": true,
      "optional": true
    },
    "estree-walker": {
      "version": "2.0.2",
      "resolved": "http://npm.corp.rs.com/estree-walker/-/estree-walker-2.0.2.tgz",
      "integrity": "sha512-Rfkk/Mp/DL7JVje3u18FxFujQlTNR2q6QfMSMB7AvCBx91NGj/ba3kCfza0f6dVDbw7YlRf/nDrn7pQrCCyQ/w=="
    },
    "fast-glob": {
      "version": "3.2.11",
      "resolved": "http://npm.corp.rs.com/fast-glob/-/fast-glob-3.2.11.tgz",
      "integrity": "sha512-xrO3+1bxSo3ZVHAnqzyuewYT6aMFHRAd4Kcs92MAonjwQZLsK9d0SF1IyQ3k5PoirxTW0Oe/RqFgMQ6TcNE5Ew==",
      "dev": true,
      "requires": {
        "@nodelib/fs.stat": "^2.0.2",
        "@nodelib/fs.walk": "^1.2.3",
        "glob-parent": "^5.1.2",
        "merge2": "^1.3.0",
        "micromatch": "^4.0.4"
      }
    },
    "fastq": {
      "version": "1.13.0",
      "resolved": "http://npm.corp.rs.com/fastq/-/fastq-1.13.0.tgz",
      "integrity": "sha512-YpkpUnK8od0o1hmeSc7UUs/eB/vIPWJYjKck2QKIzAf71Vm1AAQ3EbuZB3g2JIy+pg+ERD0vqI79KyZiB2e2Nw==",
      "dev": true,
      "requires": {
        "reusify": "^1.0.4"
      }
    },
    "fill-range": {
      "version": "7.0.1",
      "resolved": "http://npm.corp.rs.com/fill-range/-/fill-range-7.0.1.tgz",
      "integrity": "sha512-qOo9F+dMUmC2Lcb4BbVvnKJxTPjCm+RRpe4gDuGrzkL7mEVl/djYSu2OdQ2Pa302N4oqkSg9ir6jaLWJ2USVpQ==",
      "requires": {
        "to-regex-range": "^5.0.1"
      }
    },
    "fsevents": {
      "version": "2.3.2",
      "resolved": "http://npm.corp.rs.com/fsevents/-/fsevents-2.3.2.tgz",
      "integrity": "sha1-ilJveLj99GI7cJ4Ll1xSwkwC/Ro=",
      "optional": true
    },
    "function-bind": {
      "version": "1.1.1",
      "resolved": "http://npm.corp.rs.com/function-bind/-/function-bind-1.1.1.tgz",
      "integrity": "sha512-yIovAzMX49sF8Yl58fSCWJ5svSLuaibPxXQJFLmBObTuCr0Mf1KiPopGM9NiFjiYBCbfaa2Fh6breQ6ANVTI0A==",
      "dev": true
    },
    "glob-parent": {
      "version": "5.1.2",
      "resolved": "http://npm.corp.rs.com/glob-parent/-/glob-parent-5.1.2.tgz",
      "integrity": "sha1-hpgyxYA0/mikCTwX3BXoNA2EAcQ=",
      "requires": {
        "is-glob": "^4.0.1"
      }
    },
    "graceful-fs": {
      "version": "4.2.9",
      "resolved": "http://npm.corp.rs.com/graceful-fs/-/graceful-fs-4.2.9.tgz",
      "integrity": "sha512-NtNxqUcXgpW2iMrfqSfR73Glt39K+BLwWsPs94yR63v45T0Wbej7eRmL5cWfwEgqXnmjQp3zaJTshdRW/qC2ZQ==",
      "optional": true
    },
    "has": {
      "version": "1.0.3",
      "resolved": "http://npm.corp.rs.com/has/-/has-1.0.3.tgz",
      "integrity": "sha1-ci18v8H2qoJB8W3YFOAR4fQeh5Y=",
      "dev": true,
      "requires": {
        "function-bind": "^1.1.1"
      }
    },
    "iconv-lite": {
      "version": "0.4.24",
      "resolved": "http://npm.corp.rs.com/iconv-lite/-/iconv-lite-0.4.24.tgz",
      "integrity": "sha1-ICK0sl+93CHS9SSXSkdKr+czkIs=",
      "optional": true,
      "requires": {
        "safer-buffer": ">= 2.1.2 < 3"
      }
    },
    "image-size": {
      "version": "0.5.5",
      "resolved": "http://npm.corp.rs.com/image-size/-/image-size-0.5.5.tgz",
      "integrity": "sha1-Cd/Uq50g4p6xw+gLiZA3jfnjy5w=",
      "optional": true
    },
    "immutable": {
      "version": "4.0.0",
      "resolved": "http://npm.corp.rs.com/immutable/-/immutable-4.0.0.tgz",
      "integrity": "sha512-zIE9hX70qew5qTUjSS7wi1iwj/l7+m54KWU247nhM3v806UdGj1yDndXj+IOYxxtW9zyLI+xqFNZjTuDaLUqFw=="
    },
    "is-binary-path": {
      "version": "2.1.0",
      "resolved": "http://npm.corp.rs.com/is-binary-path/-/is-binary-path-2.1.0.tgz",
      "integrity": "sha512-ZMERYes6pDydyuGidse7OsHxtbI7WVeUEozgR/g7rd0xUimYNlvZRE/K2MgZTjWy725IfelLeVcEM97mmtRGXw==",
      "requires": {
        "binary-extensions": "^2.0.0"
      }
    },
    "is-core-module": {
      "version": "2.8.1",
      "resolved": "http://npm.corp.rs.com/is-core-module/-/is-core-module-2.8.1.tgz",
      "integrity": "sha512-SdNCUs284hr40hFTFP6l0IfZ/RSrMXF3qgoRHd3/79unUTvrFO/JoXwkGm+5J/Oe3E/b5GsnG330uUNgRpu1PA==",
      "dev": true,
      "requires": {
        "has": "^1.0.3"
      }
    },
    "is-extglob": {
      "version": "2.1.1",
      "resolved": "http://npm.corp.rs.com/is-extglob/-/is-extglob-2.1.1.tgz",
      "integrity": "sha1-qIwCU1eR8C7TfHahueqXc8gz+MI="
    },
    "is-glob": {
      "version": "4.0.3",
      "resolved": "http://npm.corp.rs.com/is-glob/-/is-glob-4.0.3.tgz",
      "integrity": "sha512-xelSayHH36ZgE7ZWhli7pW34hNbNl8Ojv5KVmkJD4hBdD3th8Tfk9vYasLM+mXWOZhFkgZfxhLSnrwRr4elSSg==",
      "requires": {
        "is-extglob": "^2.1.1"
      }
    },
    "is-number": {
      "version": "7.0.0",
      "resolved": "http://npm.corp.rs.com/is-number/-/is-number-7.0.0.tgz",
      "integrity": "sha1-dTU0W4lnNNX4DE0GxQlVUnoU8Ss="
    },
    "is-what": {
      "version": "3.14.1",
      "resolved": "http://npm.corp.rs.com/is-what/-/is-what-3.14.1.tgz",
      "integrity": "sha1-4SIvRt3ahd6tD9HJ3xMXYOd3VcE="
    },
    "less": {
      "version": "4.1.2",
      "resolved": "http://npm.corp.rs.com/less/-/less-4.1.2.tgz",
      "integrity": "sha512-EoQp/Et7OSOVu0aJknJOtlXZsnr8XE8KwuzTHOLeVSEx8pVWUICc8Q0VYRHgzyjX78nMEyC/oztWFbgyhtNfDA==",
      "requires": {
        "copy-anything": "^2.0.1",
        "errno": "^0.1.1",
        "graceful-fs": "^4.1.2",
        "image-size": "~0.5.0",
        "make-dir": "^2.1.0",
        "mime": "^1.4.1",
        "needle": "^2.5.2",
        "parse-node-version": "^1.0.1",
        "source-map": "~0.6.0",
        "tslib": "^2.3.0"
      }
    },
    "local-pkg": {
      "version": "0.4.1",
      "resolved": "http://npm.corp.rs.com/local-pkg/-/local-pkg-0.4.1.tgz",
      "integrity": "sha512-lL87ytIGP2FU5PWwNDo0w3WhIo2gopIAxPg9RxDYF7m4rr5ahuZxP22xnJHIvaLTe4Z9P6uKKY2UHiwyB4pcrw==",
      "dev": true
    },
    "lodash": {
      "version": "4.17.21",
      "resolved": "http://npm.corp.rs.com/lodash/-/lodash-4.17.21.tgz",
      "integrity": "sha1-Z5WRxWTDv/quhFTPCz3zcMPWkRw="
    },
    "magic-string": {
      "version": "0.25.7",
      "resolved": "http://npm.corp.rs.com/magic-string/-/magic-string-0.25.7.tgz",
      "integrity": "sha512-4CrMT5DOHTDk4HYDlzmwu4FVCcIYI8gauveasrdCu2IKIFOJ3f0v/8MDGJCDL9oD2ppz/Av1b0Nj345H9M+XIA==",
      "requires": {
        "sourcemap-codec": "^1.4.4"
      }
    },
    "make-dir": {
      "version": "2.1.0",
      "resolved": "http://npm.corp.rs.com/make-dir/-/make-dir-2.1.0.tgz",
      "integrity": "sha512-LS9X+dc8KLxXCb8dni79fLIIUA5VyZoyjSMCwTluaXA0o27cCK0bhXkpgw+sTXVpPy/lSO57ilRixqk0vDmtRA==",
      "optional": true,
      "requires": {
        "pify": "^4.0.1",
        "semver": "^5.6.0"
      }
    },
    "memoize-one": {
      "version": "6.0.0",
      "resolved": "http://npm.corp.rs.com/memoize-one/-/memoize-one-6.0.0.tgz",
      "integrity": "sha512-rkpe71W0N0c0Xz6QD0eJETuWAJGnJ9afsl1srmwPrI+yBCkge5EycXXbYRyvL29zZVUWQCY7InPRCv3GDXuZNw=="
    },
    "merge2": {
      "version": "1.4.1",
      "resolved": "http://npm.corp.rs.com/merge2/-/merge2-1.4.1.tgz",
      "integrity": "sha512-8q7VEgMJW4J8tcfVPy8g09NcQwZdbwFEqhe/WZkoIzjn/3TGDwtOCYtXGxA3O8tPzpczCCDgv+P2P5y00ZJOOg==",
      "dev": true
    },
    "micromatch": {
      "version": "4.0.4",
      "resolved": "http://npm.corp.rs.com/micromatch/-/micromatch-4.0.4.tgz",
      "integrity": "sha1-iW1Rnf6dsl/OlM63pQCRm/iB6/k=",
      "dev": true,
      "requires": {
        "braces": "^3.0.1",
        "picomatch": "^2.2.3"
      }
    },
    "mime": {
      "version": "1.6.0",
      "resolved": "http://npm.corp.rs.com/mime/-/mime-1.6.0.tgz",
      "integrity": "sha1-Ms2eXGRVO9WNGaVor0Uqz/BJgbE=",
      "optional": true
    },
    "minimatch": {
      "version": "3.0.4",
      "resolved": "http://npm.corp.rs.com/minimatch/-/minimatch-3.0.4.tgz",
      "integrity": "sha512-yJHVQEhyqPLUTgt9B83PXu6W3rx4MvvHvSUvToogpwoGDOUQ+yDrR0HRot+yOCdCO7u4hX3pWft6kWBBcqh0UA==",
      "dev": true,
      "requires": {
        "brace-expansion": "^1.1.7"
      }
    },
    "ms": {
      "version": "2.1.2",
      "resolved": "http://npm.corp.rs.com/ms/-/ms-2.1.2.tgz",
      "integrity": "sha512-sGkPx+VjMtmA6MX27oA4FBFELFCZZ4S4XqeGOXCv68tT+jb3vk/RyaKWP0PTKyWtmLSM0b+adUTEvbs1PEaH2w=="
    },
    "nanoid": {
      "version": "3.2.0",
      "resolved": "http://npm.corp.rs.com/nanoid/-/nanoid-3.2.0.tgz",
      "integrity": "sha512-fmsZYa9lpn69Ad5eDn7FMcnnSR+8R34W9qJEijxYhTbfOWzr22n1QxCMzXLK+ODyW2973V3Fux959iQoUxzUIA=="
    },
    "needle": {
      "version": "2.9.1",
      "resolved": "http://npm.corp.rs.com/needle/-/needle-2.9.1.tgz",
      "integrity": "sha512-6R9fqJ5Zcmf+uYaFgdIHmLwNldn5HbK8L5ybn7Uz+ylX/rnOsSp1AHcvQSrCaFN+qNM1wpymHqD7mVasEOlHGQ==",
      "optional": true,
      "requires": {
        "debug": "^3.2.6",
        "iconv-lite": "^0.4.4",
        "sax": "^1.2.4"
      },
      "dependencies": {
        "debug": {
          "version": "3.2.7",
          "resolved": "http://npm.corp.rs.com/debug/-/debug-3.2.7.tgz",
          "integrity": "sha512-CFjzYYAi4ThfiQvizrFQevTTXHtnCqWfe7x1AhgEscTz6ZbLbfoLRLPugTQyBth6f8ZERVUSyWHFD/7Wu4t1XQ==",
          "optional": true,
          "requires": {
            "ms": "^2.1.1"
          }
        }
      }
    },
    "normalize-path": {
      "version": "3.0.0",
      "resolved": "http://npm.corp.rs.com/normalize-path/-/normalize-path-3.0.0.tgz",
      "integrity": "sha1-Dc1p/yOhybEf0JeDFmRKA4ghamU="
    },
    "normalize-wheel-es": {
      "version": "1.1.1",
      "resolved": "http://npm.corp.rs.com/normalize-wheel-es/-/normalize-wheel-es-1.1.1.tgz",
      "integrity": "sha512-157VNH4CngrcsvF8xOVOe22cwniIR3nxSltdctvQeHZj8JttEeOXffK28jucWfWBXs0QNetAumjc1GiInnwX4w=="
    },
    "parse-node-version": {
      "version": "1.0.1",
      "resolved": "http://npm.corp.rs.com/parse-node-version/-/parse-node-version-1.0.1.tgz",
      "integrity": "sha512-3YHlOa/JgH6Mnpr05jP9eDG254US9ek25LyIxZlDItp2iJtwyaXQb57lBYLdT3MowkUFYEV2XXNAYIPlESvJlA=="
    },
    "path-parse": {
      "version": "1.0.7",
      "resolved": "http://npm.corp.rs.com/path-parse/-/path-parse-1.0.7.tgz",
      "integrity": "sha1-+8EUtgykKzDZ2vWFjkvWi77bZzU=",
      "dev": true
    },
    "picocolors": {
      "version": "1.0.0",
      "resolved": "http://npm.corp.rs.com/picocolors/-/picocolors-1.0.0.tgz",
      "integrity": "sha512-1fygroTLlHu66zi26VoTDv8yRgm0Fccecssto+MhsZ0D/DGW2sm8E8AjW7NU5VVTRt5GxbeZ5qBuJr+HyLYkjQ=="
    },
    "picomatch": {
      "version": "2.3.1",
      "resolved": "http://npm.corp.rs.com/picomatch/-/picomatch-2.3.1.tgz",
      "integrity": "sha512-JU3teHTNjmE2VCGFzuY8EXzCDVwEqB2a8fsIvwaStHhAWJEeVd1o1QD80CU6+ZdEXXSLbSsuLwJjkCBWqRQUVA=="
    },
    "pify": {
      "version": "4.0.1",
      "resolved": "http://npm.corp.rs.com/pify/-/pify-4.0.1.tgz",
      "integrity": "sha512-uB80kBFb/tfd68bVleG9T5GGsGPjJrLAUpR5PZIrhBnIaRTQRjqdJSsIKkOP6OAIFbj7GOrcudc5pNjZ+geV2g==",
      "optional": true
    },
    "postcss": {
      "version": "8.4.5",
      "resolved": "http://npm.corp.rs.com/postcss/-/postcss-8.4.5.tgz",
      "integrity": "sha512-jBDboWM8qpaqwkMwItqTQTiFikhs/67OYVvblFFTM7MrZjt6yMKd6r2kgXizEbTTljacm4NldIlZnhbjr84QYg==",
      "requires": {
        "nanoid": "^3.1.30",
        "picocolors": "^1.0.0",
        "source-map-js": "^1.0.1"
      }
    },
    "prr": {
      "version": "1.0.1",
      "resolved": "http://npm.corp.rs.com/prr/-/prr-1.0.1.tgz",
      "integrity": "sha1-0/wRS6BplaRexok/SEzrHXj19HY=",
      "optional": true
    },
    "queue-microtask": {
      "version": "1.2.3",
      "resolved": "http://npm.corp.rs.com/queue-microtask/-/queue-microtask-1.2.3.tgz",
      "integrity": "sha1-SSkii7xyTfrEPg77BYyve2z7YkM=",
      "dev": true
    },
    "readdirp": {
      "version": "3.6.0",
      "resolved": "http://npm.corp.rs.com/readdirp/-/readdirp-3.6.0.tgz",
      "integrity": "sha1-dKNwvYVxFuJFspzJc0DNQxoCpsc=",
      "requires": {
        "picomatch": "^2.2.1"
      }
    },
    "resolve": {
      "version": "1.22.0",
      "resolved": "http://npm.corp.rs.com/resolve/-/resolve-1.22.0.tgz",
      "integrity": "sha512-Hhtrw0nLeSrFQ7phPp4OOcVjLPIeMnRlr5mcnVuMe7M/7eBn98A3hmFRLoFo3DLZkivSYwhRUJTyPyWAk56WLw==",
      "dev": true,
      "requires": {
        "is-core-module": "^2.8.1",
        "path-parse": "^1.0.7",
        "supports-preserve-symlinks-flag": "^1.0.0"
      }
    },
    "reusify": {
      "version": "1.0.4",
      "resolved": "http://npm.corp.rs.com/reusify/-/reusify-1.0.4.tgz",
      "integrity": "sha1-kNo4Kx4SbvwCFG6QhFqI2xKSXXY=",
      "dev": true
    },
    "rollup": {
      "version": "2.66.0",
      "resolved": "http://npm.corp.rs.com/rollup/-/rollup-2.66.0.tgz",
      "integrity": "sha512-L6mKOkdyP8HK5kKJXaiWG7KZDumPJjuo1P+cfyHOJPNNTK3Moe7zCH5+fy7v8pVmHXtlxorzaBjvkBMB23s98g==",
      "dev": true,
      "requires": {
        "fsevents": "~2.3.2"
      }
    },
    "run-parallel": {
      "version": "1.2.0",
      "resolved": "http://npm.corp.rs.com/run-parallel/-/run-parallel-1.2.0.tgz",
      "integrity": "sha1-ZtE2jae9+SHrnZW9GpIp5/IaQ+4=",
      "dev": true,
      "requires": {
        "queue-microtask": "^1.2.2"
      }
    },
    "safer-buffer": {
      "version": "2.1.2",
      "resolved": "http://npm.corp.rs.com/safer-buffer/-/safer-buffer-2.1.2.tgz",
      "integrity": "sha1-RPoWGwGHuVSd2Eu5GAL5vYOFzWo=",
      "optional": true
    },
    "sass": {
      "version": "1.49.0",
      "resolved": "http://npm.corp.rs.com/sass/-/sass-1.49.0.tgz",
      "integrity": "sha512-TVwVdNDj6p6b4QymJtNtRS2YtLJ/CqZriGg0eIAbAKMlN8Xy6kbv33FsEZSF7FufFFM705SQviHjjThfaQ4VNw==",
      "requires": {
        "chokidar": ">=3.0.0 <4.0.0",
        "immutable": "^4.0.0",
        "source-map-js": ">=0.6.2 <2.0.0"
      }
    },
    "sax": {
      "version": "1.2.4",
      "resolved": "http://npm.corp.rs.com/sax/-/sax-1.2.4.tgz",
      "integrity": "sha512-NqVDv9TpANUjFm0N8uM5GxL36UgKi9/atZw+x7YFnQ8ckwFGKrl4xX4yWtrey3UJm5nP1kUbnYgLopqWNSRhWw==",
      "optional": true
    },
    "semver": {
      "version": "5.7.1",
      "resolved": "http://npm.corp.rs.com/semver/-/semver-5.7.1.tgz",
      "integrity": "sha1-qVT5Ma66UI0we78Gnv8MAclhFvc=",
      "optional": true
    },
    "source-map": {
      "version": "0.6.1",
      "resolved": "http://npm.corp.rs.com/source-map/-/source-map-0.6.1.tgz",
      "integrity": "sha512-UjgapumWlbMhkBgzT7Ykc5YXUT46F0iKu8SGXq0bcwP5dz/h0Plj6enJqjz1Zbq2l5WaqYnrVbwWOWMyF3F47g=="
    },
    "source-map-js": {
      "version": "1.0.2",
      "resolved": "http://npm.corp.rs.com/source-map-js/-/source-map-js-1.0.2.tgz",
      "integrity": "sha512-R0XvVJ9WusLiqTCEiGCmICCMplcCkIwwR11mOSD9CR5u+IXYdiseeEuXCVAjS54zqwkLcPNnmU4OeJ6tUrWhDw=="
    },
    "sourcemap-codec": {
      "version": "1.4.8",
      "resolved": "http://npm.corp.rs.com/sourcemap-codec/-/sourcemap-codec-1.4.8.tgz",
      "integrity": "sha512-9NykojV5Uih4lgo5So5dtw+f0JgJX30KCNI8gwhz2J9A15wD0Ml6tjHKwf6fTSa6fAdVBdZeNOs9eJ71qCk8vA=="
    },
    "supports-preserve-symlinks-flag": {
      "version": "1.0.0",
      "resolved": "http://npm.corp.rs.com/supports-preserve-symlinks-flag/-/supports-preserve-symlinks-flag-1.0.0.tgz",
      "integrity": "sha512-ot0WnXS9fgdkgIcePe6RHNk1WA8+muPa6cSjeR3V8K27q9BB1rTE3R1p7Hv0z1ZyAc8s6Vvv8DIyWf681MAt0w==",
      "dev": true
    },
    "to-regex-range": {
      "version": "5.0.1",
      "resolved": "http://npm.corp.rs.com/to-regex-range/-/to-regex-range-5.0.1.tgz",
      "integrity": "sha512-65P7iz6X5yEr1cwcgvQxbbIw7Uk3gOy5dIdtZ4rDveLqhrdJP+Li/Hx6tyK0NEb+2GCyneCMJiGqrADCSNk8sQ==",
      "requires": {
        "is-number": "^7.0.0"
      }
    },
    "tslib": {
      "version": "2.3.1",
      "resolved": "http://npm.corp.rs.com/tslib/-/tslib-2.3.1.tgz",
      "integrity": "sha1-6KM1rdXOrlGqJh0ypJAVjvBC7wE="
    },
    "unplugin": {
      "version": "0.3.2",
      "resolved": "http://npm.corp.rs.com/unplugin/-/unplugin-0.3.2.tgz",
      "integrity": "sha512-5d0DMYNKZU+S9eZUiBfw6Co32eRg8myUgBPoWSqG/wDFCUE/WznfSsJnZWi1P9l69x4uLJqt2qVq1xW/AsXFrw==",
      "dev": true,
      "requires": {
        "webpack-virtual-modules": "^0.4.3"
      }
    },
    "unplugin-auto-import": {
      "version": "0.5.11",
      "resolved": "http://npm.corp.rs.com/unplugin-auto-import/-/unplugin-auto-import-0.5.11.tgz",
      "integrity": "sha512-MJ3POLe/IysRHF4yd32FkKDoxqSRoiuIHm89ys67B8FLuz2Pvh9poeqTVe6IhJsNxwv0+GSdFfj5Dpq24lhm4g==",
      "dev": true,
      "requires": {
        "@antfu/utils": "^0.4.0",
        "@rollup/pluginutils": "^4.1.2",
        "local-pkg": "^0.4.1",
        "magic-string": "^0.25.7",
        "resolve": "^1.21.0",
        "unplugin": "^0.3.0"
      }
    },
    "unplugin-vue-components": {
      "version": "0.17.14",
      "resolved": "http://npm.corp.rs.com/unplugin-vue-components/-/unplugin-vue-components-0.17.14.tgz",
      "integrity": "sha512-PSJ2EwFTxFSVg/HhUDyoYa5/s6hWqdQzlbJLOIEr0bv4Qczp5YRpTlObld5cjgieFtgPtq2W21A77ucB/msgeg==",
      "dev": true,
      "requires": {
        "@antfu/utils": "^0.4.0",
        "@rollup/pluginutils": "^4.1.2",
        "chokidar": "^3.5.2",
        "debug": "^4.3.3",
        "fast-glob": "^3.2.11",
        "local-pkg": "^0.4.1",
        "magic-string": "^0.25.7",
        "minimatch": "^3.0.4",
        "resolve": "^1.21.0",
        "unplugin": "^0.3.0"
      }
    },
    "vite": {
      "version": "2.7.13",
      "resolved": "http://npm.corp.rs.com/vite/-/vite-2.7.13.tgz",
      "integrity": "sha512-Mq8et7f3aK0SgSxjDNfOAimZGW9XryfHRa/uV0jseQSilg+KhYDSoNb9h1rknOy6SuMkvNDLKCYAYYUMCE+IgQ==",
      "dev": true,
      "requires": {
        "esbuild": "^0.13.12",
        "fsevents": "~2.3.2",
        "postcss": "^8.4.5",
        "resolve": "^1.20.0",
        "rollup": "^2.59.0"
      }
    },
    "vue": {
      "version": "3.2.29",
      "resolved": "http://npm.corp.rs.com/vue/-/vue-3.2.29.tgz",
      "integrity": "sha512-cFIwr7LkbtCRanjNvh6r7wp2yUxfxeM2yPpDQpAfaaLIGZSrUmLbNiSze9nhBJt5MrZ68Iqt0O5scwAMEVxF+Q==",
      "requires": {
        "@vue/compiler-dom": "3.2.29",
        "@vue/compiler-sfc": "3.2.29",
        "@vue/runtime-dom": "3.2.29",
        "@vue/server-renderer": "3.2.29",
        "@vue/shared": "3.2.29"
      }
    },
    "vue-demi": {
      "version": "0.12.1",
      "resolved": "http://npm.corp.rs.com/vue-demi/-/vue-demi-0.12.1.tgz",
      "integrity": "sha1-9+GO++z/0RqwadFHLXoG4xm0F0w="
    },
    "webpack-virtual-modules": {
      "version": "0.4.3",
      "resolved": "http://npm.corp.rs.com/webpack-virtual-modules/-/webpack-virtual-modules-0.4.3.tgz",
      "integrity": "sha1-zVl8bVHVpey0c+6hmDpY+ooX3tk=",
      "dev": true
    }
  }
}
