{
  "name": "search",
  "version": "1.0.0",
  "lockfileVersion": 1,
  "requires": true,
  "dependencies": {
    "electrion": {
      "version": "0.0.1-security",
      "resolved": "http://npm.corp.rs.com/electrion/-/electrion-0.0.1-security.tgz",
      "integrity": "sha1-Uanghpv047oKg/U77qxhtfII9qI="
    }
  }
}
