# THIS IS AN AUTOGENERATED FILE. DO NOT EDIT THIS FILE DIRECTLY.
# yarn lockfile v1


electrion@0.0.1-security:
  version "0.0.1-security"
  resolved "https://registry.yarnpkg.com/electrion/-/electrion-0.0.1-security.tgz#51a9e0869bf4e3ba0a83f53beeac61b5f208f6a2"
  integrity sha512-EAF0WHnR2DlD458J9TQhYOrHj8yWqmbnvybGErVhyGnxdkaNstxzUn/9lYyjjx0g0rQXIsOWUHvQ2ffkh+O0Zg==
